
Microsoft Visual Studio Solution File, Format Version 12.00
# Visual Studio 2013
VisualStudioVersion = 12.0.31101.0
MinimumVisualStudioVersion = 10.0.40219.1
Project("{FAE04EC0-301F-11D3-BF4B-00C04F79EFBC}") = "Inheritance", "Inheritance\Inheritance.csproj", "{07BB554D-BEAF-4BC5-8FF1-15C9E268B096}"
EndProject
Project("{FAE04EC0-301F-11D3-BF4B-00C04F79EFBC}") = "DerivedClasses", "DerivedClasses\DerivedClasses.csproj", "{175B450A-71D7-482C-9BAD-DF0951337A59}"
EndProject
Project("{FAE04EC0-301F-11D3-BF4B-00C04F79EFBC}") = "InitializingBaseClass", "InitializingBaseClass\InitializingBaseClass.csproj", "{1F4F1272-40E8-47BC-BD4F-2579A9F6B139}"
EndProject
Project("{FAE04EC0-301F-11D3-BF4B-00C04F79EFBC}") = "MultipleInheritance", "MultipleInheritance\MultipleInheritance.csproj", "{F62ED97F-272C-4997-B764-1AF789092E99}"
EndProject
Global
	GlobalSection(SolutionConfigurationPlatforms) = preSolution
		Debug|Any CPU = Debug|Any CPU
		Release|Any CPU = Release|Any CPU
	EndGlobalSection
	GlobalSection(ProjectConfigurationPlatforms) = postSolution
		{07BB554D-BEAF-4BC5-8FF1-15C9E268B096}.Debug|Any CPU.ActiveCfg = Debug|Any CPU
		{07BB554D-BEAF-4BC5-8FF1-15C9E268B096}.Debug|Any CPU.Build.0 = Debug|Any CPU
		{07BB554D-BEAF-4BC5-8FF1-15C9E268B096}.Release|Any CPU.ActiveCfg = Release|Any CPU
		{07BB554D-BEAF-4BC5-8FF1-15C9E268B096}.Release|Any CPU.Build.0 = Release|Any CPU
		{175B450A-71D7-482C-9BAD-DF0951337A59}.Debug|Any CPU.ActiveCfg = Debug|Any CPU
		{175B450A-71D7-482C-9BAD-DF0951337A59}.Debug|Any CPU.Build.0 = Debug|Any CPU
		{175B450A-71D7-482C-9BAD-DF0951337A59}.Release|Any CPU.ActiveCfg = Release|Any CPU
		{175B450A-71D7-482C-9BAD-DF0951337A59}.Release|Any CPU.Build.0 = Release|Any CPU
		{1F4F1272-40E8-47BC-BD4F-2579A9F6B139}.Debug|Any CPU.ActiveCfg = Debug|Any CPU
		{1F4F1272-40E8-47BC-BD4F-2579A9F6B139}.Debug|Any CPU.Build.0 = Debug|Any CPU
		{1F4F1272-40E8-47BC-BD4F-2579A9F6B139}.Release|Any CPU.ActiveCfg = Release|Any CPU
		{1F4F1272-40E8-47BC-BD4F-2579A9F6B139}.Release|Any CPU.Build.0 = Release|Any CPU
		{F62ED97F-272C-4997-B764-1AF789092E99}.Debug|Any CPU.ActiveCfg = Debug|Any CPU
		{F62ED97F-272C-4997-B764-1AF789092E99}.Debug|Any CPU.Build.0 = Debug|Any CPU
		{F62ED97F-272C-4997-B764-1AF789092E99}.Release|Any CPU.ActiveCfg = Release|Any CPU
		{F62ED97F-272C-4997-B764-1AF789092E99}.Release|Any CPU.Build.0 = Release|Any CPU
	EndGlobalSection
	GlobalSection(SolutionProperties) = preSolution
		HideSolutionNode = FALSE
	EndGlobalSection
EndGlobal
