
Microsoft Visual Studio Solution File, Format Version 12.00
# Visual Studio 14
VisualStudioVersion = 14.0.25420.1
MinimumVisualStudioVersion = 10.0.40219.1
Project("{FAE04EC0-301F-11D3-BF4B-00C04F79EFBC}") = "ValueParameters", "PassingParamters\ValueParameters.csproj", "{356D90CB-02F9-41FD-9A1E-EF71D6EFC2CF}"
EndProject
Project("{FAE04EC0-301F-11D3-BF4B-00C04F79EFBC}") = "ReferenceParameters", "ReferenceParameters\ReferenceParameters.csproj", "{EFF66204-36DF-4DB9-8482-1A1E296A7C88}"
EndProject
Project("{FAE04EC0-301F-11D3-BF4B-00C04F79EFBC}") = "OutputParameters", "OutputParameters\OutputParameters.csproj", "{6ACBAEF2-554C-4F2F-AE2B-FF9287DC6B4A}"
EndProject
Project("{FAE04EC0-301F-11D3-BF4B-00C04F79EFBC}") = "OutputParameters2", "OutputParameters2\OutputParameters2.csproj", "{749A9903-4F8F-4EF8-AC97-986631A2B252}"
EndProject
Global
	GlobalSection(SolutionConfigurationPlatforms) = preSolution
		Debug|Any CPU = Debug|Any CPU
		Release|Any CPU = Release|Any CPU
	EndGlobalSection
	GlobalSection(ProjectConfigurationPlatforms) = postSolution
		{356D90CB-02F9-41FD-9A1E-EF71D6EFC2CF}.Debug|Any CPU.ActiveCfg = Debug|Any CPU
		{356D90CB-02F9-41FD-9A1E-EF71D6EFC2CF}.Debug|Any CPU.Build.0 = Debug|Any CPU
		{356D90CB-02F9-41FD-9A1E-EF71D6EFC2CF}.Release|Any CPU.ActiveCfg = Release|Any CPU
		{356D90CB-02F9-41FD-9A1E-EF71D6EFC2CF}.Release|Any CPU.Build.0 = Release|Any CPU
		{EFF66204-36DF-4DB9-8482-1A1E296A7C88}.Debug|Any CPU.ActiveCfg = Debug|Any CPU
		{EFF66204-36DF-4DB9-8482-1A1E296A7C88}.Debug|Any CPU.Build.0 = Debug|Any CPU
		{EFF66204-36DF-4DB9-8482-1A1E296A7C88}.Release|Any CPU.ActiveCfg = Release|Any CPU
		{EFF66204-36DF-4DB9-8482-1A1E296A7C88}.Release|Any CPU.Build.0 = Release|Any CPU
		{6ACBAEF2-554C-4F2F-AE2B-FF9287DC6B4A}.Debug|Any CPU.ActiveCfg = Debug|Any CPU
		{6ACBAEF2-554C-4F2F-AE2B-FF9287DC6B4A}.Debug|Any CPU.Build.0 = Debug|Any CPU
		{6ACBAEF2-554C-4F2F-AE2B-FF9287DC6B4A}.Release|Any CPU.ActiveCfg = Release|Any CPU
		{6ACBAEF2-554C-4F2F-AE2B-FF9287DC6B4A}.Release|Any CPU.Build.0 = Release|Any CPU
		{749A9903-4F8F-4EF8-AC97-986631A2B252}.Debug|Any CPU.ActiveCfg = Debug|Any CPU
		{749A9903-4F8F-4EF8-AC97-986631A2B252}.Debug|Any CPU.Build.0 = Debug|Any CPU
		{749A9903-4F8F-4EF8-AC97-986631A2B252}.Release|Any CPU.ActiveCfg = Release|Any CPU
		{749A9903-4F8F-4EF8-AC97-986631A2B252}.Release|Any CPU.Build.0 = Release|Any CPU
	EndGlobalSection
	GlobalSection(SolutionProperties) = preSolution
		HideSolutionNode = FALSE
	EndGlobalSection
EndGlobal
