
Microsoft Visual Studio Solution File, Format Version 12.00
# Visual Studio 2013
VisualStudioVersion = 12.0.31101.0
MinimumVisualStudioVersion = 10.0.40219.1
Project("{FAE04EC0-301F-11D3-BF4B-00C04F79EFBC}") = "Polymorphism", "Polymorphism\Polymorphism.csproj", "{30295488-BA08-41CB-A714-FA5FA7FEB665}"
EndProject
Project("{FAE04EC0-301F-11D3-BF4B-00C04F79EFBC}") = "FunctionOverloading", "FunctionOverloading\FunctionOverloading.csproj", "{B790A410-AD79-4162-B714-87B41A2B62BD}"
EndProject
Project("{FAE04EC0-301F-11D3-BF4B-00C04F79EFBC}") = "DynamicPolymorphism", "DynamicPolymorphism\DynamicPolymorphism.csproj", "{0E48932F-5D52-4F4B-A1DB-F0651A2187E3}"
EndProject
Project("{FAE04EC0-301F-11D3-BF4B-00C04F79EFBC}") = "VirtualFunctions", "VirtualFunctions\VirtualFunctions.csproj", "{A7290CD9-D191-4242-9D11-8191EF785685}"
EndProject
Global
	GlobalSection(SolutionConfigurationPlatforms) = preSolution
		Debug|Any CPU = Debug|Any CPU
		Release|Any CPU = Release|Any CPU
	EndGlobalSection
	GlobalSection(ProjectConfigurationPlatforms) = postSolution
		{30295488-BA08-41CB-A714-FA5FA7FEB665}.Debug|Any CPU.ActiveCfg = Debug|Any CPU
		{30295488-BA08-41CB-A714-FA5FA7FEB665}.Debug|Any CPU.Build.0 = Debug|Any CPU
		{30295488-BA08-41CB-A714-FA5FA7FEB665}.Release|Any CPU.ActiveCfg = Release|Any CPU
		{30295488-BA08-41CB-A714-FA5FA7FEB665}.Release|Any CPU.Build.0 = Release|Any CPU
		{B790A410-AD79-4162-B714-87B41A2B62BD}.Debug|Any CPU.ActiveCfg = Debug|Any CPU
		{B790A410-AD79-4162-B714-87B41A2B62BD}.Debug|Any CPU.Build.0 = Debug|Any CPU
		{B790A410-AD79-4162-B714-87B41A2B62BD}.Release|Any CPU.ActiveCfg = Release|Any CPU
		{B790A410-AD79-4162-B714-87B41A2B62BD}.Release|Any CPU.Build.0 = Release|Any CPU
		{0E48932F-5D52-4F4B-A1DB-F0651A2187E3}.Debug|Any CPU.ActiveCfg = Debug|Any CPU
		{0E48932F-5D52-4F4B-A1DB-F0651A2187E3}.Debug|Any CPU.Build.0 = Debug|Any CPU
		{0E48932F-5D52-4F4B-A1DB-F0651A2187E3}.Release|Any CPU.ActiveCfg = Release|Any CPU
		{0E48932F-5D52-4F4B-A1DB-F0651A2187E3}.Release|Any CPU.Build.0 = Release|Any CPU
		{A7290CD9-D191-4242-9D11-8191EF785685}.Debug|Any CPU.ActiveCfg = Debug|Any CPU
		{A7290CD9-D191-4242-9D11-8191EF785685}.Debug|Any CPU.Build.0 = Debug|Any CPU
		{A7290CD9-D191-4242-9D11-8191EF785685}.Release|Any CPU.ActiveCfg = Release|Any CPU
		{A7290CD9-D191-4242-9D11-8191EF785685}.Release|Any CPU.Build.0 = Release|Any CPU
	EndGlobalSection
	GlobalSection(SolutionProperties) = preSolution
		HideSolutionNode = FALSE
	EndGlobalSection
EndGlobal
