
Microsoft Visual Studio Solution File, Format Version 12.00
# Visual Studio 14
VisualStudioVersion = 14.0.25420.1
MinimumVisualStudioVersion = 10.0.40219.1
Project("{FAE04EC0-301F-11D3-BF4B-00C04F79EFBC}") = "Arrays", "Arrays\Arrays.csproj", "{552CAF45-E52E-4AAF-9D97-40E672941C66}"
EndProject
Project("{FAE04EC0-301F-11D3-BF4B-00C04F79EFBC}") = "Arrayforeach", "Arrayforeach\Arrayforeach.csproj", "{6D5661E7-63A2-4A05-A323-912964BCF7E2}"
EndProject
Project("{FAE04EC0-301F-11D3-BF4B-00C04F79EFBC}") = "MultidimensionalArrays", "MultidimensionalArrays\MultidimensionalArrays.csproj", "{2CC914D4-0846-4398-8617-4D8FE3C3015A}"
EndProject
Project("{FAE04EC0-301F-11D3-BF4B-00C04F79EFBC}") = "JaggedArrays", "JaggedArrays\JaggedArrays.csproj", "{F41365E3-B643-447C-9013-D0F36F33D119}"
EndProject
Project("{FAE04EC0-301F-11D3-BF4B-00C04F79EFBC}") = "PassingArrays", "PassingArrays\PassingArrays.csproj", "{93FD3E51-1D00-486E-A7E0-D4B0CB7322EB}"
EndProject
Project("{FAE04EC0-301F-11D3-BF4B-00C04F79EFBC}") = "ParamArrays", "ParamArrays\ParamArrays.csproj", "{0AD8460A-4F6A-45FD-934A-14600BCDE019}"
EndProject
Project("{FAE04EC0-301F-11D3-BF4B-00C04F79EFBC}") = "ArrayClass", "ArrayClass\ArrayClass.csproj", "{37A19BDF-FD78-4D9F-8D77-EFBC5ADFA7CB}"
EndProject
Global
	GlobalSection(SolutionConfigurationPlatforms) = preSolution
		Debug|Any CPU = Debug|Any CPU
		Release|Any CPU = Release|Any CPU
	EndGlobalSection
	GlobalSection(ProjectConfigurationPlatforms) = postSolution
		{552CAF45-E52E-4AAF-9D97-40E672941C66}.Debug|Any CPU.ActiveCfg = Debug|Any CPU
		{552CAF45-E52E-4AAF-9D97-40E672941C66}.Debug|Any CPU.Build.0 = Debug|Any CPU
		{552CAF45-E52E-4AAF-9D97-40E672941C66}.Release|Any CPU.ActiveCfg = Release|Any CPU
		{552CAF45-E52E-4AAF-9D97-40E672941C66}.Release|Any CPU.Build.0 = Release|Any CPU
		{6D5661E7-63A2-4A05-A323-912964BCF7E2}.Debug|Any CPU.ActiveCfg = Debug|Any CPU
		{6D5661E7-63A2-4A05-A323-912964BCF7E2}.Debug|Any CPU.Build.0 = Debug|Any CPU
		{6D5661E7-63A2-4A05-A323-912964BCF7E2}.Release|Any CPU.ActiveCfg = Release|Any CPU
		{6D5661E7-63A2-4A05-A323-912964BCF7E2}.Release|Any CPU.Build.0 = Release|Any CPU
		{2CC914D4-0846-4398-8617-4D8FE3C3015A}.Debug|Any CPU.ActiveCfg = Debug|Any CPU
		{2CC914D4-0846-4398-8617-4D8FE3C3015A}.Debug|Any CPU.Build.0 = Debug|Any CPU
		{2CC914D4-0846-4398-8617-4D8FE3C3015A}.Release|Any CPU.ActiveCfg = Release|Any CPU
		{2CC914D4-0846-4398-8617-4D8FE3C3015A}.Release|Any CPU.Build.0 = Release|Any CPU
		{F41365E3-B643-447C-9013-D0F36F33D119}.Debug|Any CPU.ActiveCfg = Debug|Any CPU
		{F41365E3-B643-447C-9013-D0F36F33D119}.Debug|Any CPU.Build.0 = Debug|Any CPU
		{F41365E3-B643-447C-9013-D0F36F33D119}.Release|Any CPU.ActiveCfg = Release|Any CPU
		{F41365E3-B643-447C-9013-D0F36F33D119}.Release|Any CPU.Build.0 = Release|Any CPU
		{93FD3E51-1D00-486E-A7E0-D4B0CB7322EB}.Debug|Any CPU.ActiveCfg = Debug|Any CPU
		{93FD3E51-1D00-486E-A7E0-D4B0CB7322EB}.Debug|Any CPU.Build.0 = Debug|Any CPU
		{93FD3E51-1D00-486E-A7E0-D4B0CB7322EB}.Release|Any CPU.ActiveCfg = Release|Any CPU
		{93FD3E51-1D00-486E-A7E0-D4B0CB7322EB}.Release|Any CPU.Build.0 = Release|Any CPU
		{0AD8460A-4F6A-45FD-934A-14600BCDE019}.Debug|Any CPU.ActiveCfg = Debug|Any CPU
		{0AD8460A-4F6A-45FD-934A-14600BCDE019}.Debug|Any CPU.Build.0 = Debug|Any CPU
		{0AD8460A-4F6A-45FD-934A-14600BCDE019}.Release|Any CPU.ActiveCfg = Release|Any CPU
		{0AD8460A-4F6A-45FD-934A-14600BCDE019}.Release|Any CPU.Build.0 = Release|Any CPU
		{37A19BDF-FD78-4D9F-8D77-EFBC5ADFA7CB}.Debug|Any CPU.ActiveCfg = Debug|Any CPU
		{37A19BDF-FD78-4D9F-8D77-EFBC5ADFA7CB}.Debug|Any CPU.Build.0 = Debug|Any CPU
		{37A19BDF-FD78-4D9F-8D77-EFBC5ADFA7CB}.Release|Any CPU.ActiveCfg = Release|Any CPU
		{37A19BDF-FD78-4D9F-8D77-EFBC5ADFA7CB}.Release|Any CPU.Build.0 = Release|Any CPU
	EndGlobalSection
	GlobalSection(SolutionProperties) = preSolution
		HideSolutionNode = FALSE
	EndGlobalSection
EndGlobal
