
Microsoft Visual Studio Solution File, Format Version 12.00
# Visual Studio 14
VisualStudioVersion = 14.0.25420.1
MinimumVisualStudioVersion = 10.0.40219.1
Project("{FAE04EC0-301F-11D3-BF4B-00C04F79EFBC}") = "DecisionMakingif", "DecisionMaking\DecisionMakingif.csproj", "{D5581B2B-461E-4D87-9572-CD5A65E16B21}"
EndProject
Project("{FAE04EC0-301F-11D3-BF4B-00C04F79EFBC}") = "DecisionMakingifelse", "DecisionMakingifelse\DecisionMakingifelse.csproj", "{6BB121D3-2B67-4084-8F67-137C986C7479}"
EndProject
Project("{FAE04EC0-301F-11D3-BF4B-00C04F79EFBC}") = "DecisionMakingifelseifelse", "DecisionMakingifelseelse\DecisionMakingifelseifelse.csproj", "{2AE3EF20-29AB-43B9-A797-0B2911F99059}"
EndProject
Project("{FAE04EC0-301F-11D3-BF4B-00C04F79EFBC}") = "DecisonMakingnestedif", "DecisonMakingnestedif\DecisonMakingnestedif.csproj", "{FAD77CAD-62AE-4177-9043-D645783D74EA}"
EndProject
Project("{FAE04EC0-301F-11D3-BF4B-00C04F79EFBC}") = "DecisionMakingswitch", "DecisionMakingSwitch\DecisionMakingswitch.csproj", "{B5FBE785-339A-463C-B9AE-9A38A7F9F4A3}"
EndProject
Project("{FAE04EC0-301F-11D3-BF4B-00C04F79EFBC}") = "DecisionMakingnestedswitch", "DecisionMakingnestedswitch\DecisionMakingnestedswitch.csproj", "{A5A983D4-AB2A-4372-8DC9-936679C8BED2}"
EndProject
Global
	GlobalSection(SolutionConfigurationPlatforms) = preSolution
		Debug|Any CPU = Debug|Any CPU
		Release|Any CPU = Release|Any CPU
	EndGlobalSection
	GlobalSection(ProjectConfigurationPlatforms) = postSolution
		{D5581B2B-461E-4D87-9572-CD5A65E16B21}.Debug|Any CPU.ActiveCfg = Debug|Any CPU
		{D5581B2B-461E-4D87-9572-CD5A65E16B21}.Debug|Any CPU.Build.0 = Debug|Any CPU
		{D5581B2B-461E-4D87-9572-CD5A65E16B21}.Release|Any CPU.ActiveCfg = Release|Any CPU
		{D5581B2B-461E-4D87-9572-CD5A65E16B21}.Release|Any CPU.Build.0 = Release|Any CPU
		{6BB121D3-2B67-4084-8F67-137C986C7479}.Debug|Any CPU.ActiveCfg = Debug|Any CPU
		{6BB121D3-2B67-4084-8F67-137C986C7479}.Debug|Any CPU.Build.0 = Debug|Any CPU
		{6BB121D3-2B67-4084-8F67-137C986C7479}.Release|Any CPU.ActiveCfg = Release|Any CPU
		{6BB121D3-2B67-4084-8F67-137C986C7479}.Release|Any CPU.Build.0 = Release|Any CPU
		{2AE3EF20-29AB-43B9-A797-0B2911F99059}.Debug|Any CPU.ActiveCfg = Debug|Any CPU
		{2AE3EF20-29AB-43B9-A797-0B2911F99059}.Debug|Any CPU.Build.0 = Debug|Any CPU
		{2AE3EF20-29AB-43B9-A797-0B2911F99059}.Release|Any CPU.ActiveCfg = Release|Any CPU
		{2AE3EF20-29AB-43B9-A797-0B2911F99059}.Release|Any CPU.Build.0 = Release|Any CPU
		{FAD77CAD-62AE-4177-9043-D645783D74EA}.Debug|Any CPU.ActiveCfg = Debug|Any CPU
		{FAD77CAD-62AE-4177-9043-D645783D74EA}.Debug|Any CPU.Build.0 = Debug|Any CPU
		{FAD77CAD-62AE-4177-9043-D645783D74EA}.Release|Any CPU.ActiveCfg = Release|Any CPU
		{FAD77CAD-62AE-4177-9043-D645783D74EA}.Release|Any CPU.Build.0 = Release|Any CPU
		{B5FBE785-339A-463C-B9AE-9A38A7F9F4A3}.Debug|Any CPU.ActiveCfg = Debug|Any CPU
		{B5FBE785-339A-463C-B9AE-9A38A7F9F4A3}.Debug|Any CPU.Build.0 = Debug|Any CPU
		{B5FBE785-339A-463C-B9AE-9A38A7F9F4A3}.Release|Any CPU.ActiveCfg = Release|Any CPU
		{B5FBE785-339A-463C-B9AE-9A38A7F9F4A3}.Release|Any CPU.Build.0 = Release|Any CPU
		{A5A983D4-AB2A-4372-8DC9-936679C8BED2}.Debug|Any CPU.ActiveCfg = Debug|Any CPU
		{A5A983D4-AB2A-4372-8DC9-936679C8BED2}.Debug|Any CPU.Build.0 = Debug|Any CPU
		{A5A983D4-AB2A-4372-8DC9-936679C8BED2}.Release|Any CPU.ActiveCfg = Release|Any CPU
		{A5A983D4-AB2A-4372-8DC9-936679C8BED2}.Release|Any CPU.Build.0 = Release|Any CPU
	EndGlobalSection
	GlobalSection(SolutionProperties) = preSolution
		HideSolutionNode = FALSE
	EndGlobalSection
EndGlobal
