
Microsoft Visual Studio Solution File, Format Version 12.00
# Visual Studio 15
VisualStudioVersion = 15.0.26228.4
MinimumVisualStudioVersion = 10.0.40219.1
Project("{FAE04EC0-301F-11D3-BF4B-00C04F79EFBC}") = "OperatorsAppl", "OperatorsAppl\OperatorsAppl.csproj", "{34D81FC9-E6F3-4279-AF26-14F77D1D18ED}"
EndProject
Project("{FAE04EC0-301F-11D3-BF4B-00C04F79EFBC}") = "RelationalOperators", "RelationalOperators\RelationalOperators.csproj", "{EDB5B35A-C6B0-446C-BC26-922CA6B63C8C}"
EndProject
Project("{FAE04EC0-301F-11D3-BF4B-00C04F79EFBC}") = "LogicalOperators", "LogicalOperators\LogicalOperators.csproj", "{645931E3-E3AF-48A6-88C3-71B49B4E4111}"
EndProject
Project("{FAE04EC0-301F-11D3-BF4B-00C04F79EFBC}") = "BitwiseOperators", "BitwiseOperators\BitwiseOperators.csproj", "{2C132CE0-EE7B-4BD4-A507-BEE8376013A9}"
EndProject
Project("{FAE04EC0-301F-11D3-BF4B-00C04F79EFBC}") = "AssignmentOperators", "AssignmentOperators\AssignmentOperators.csproj", "{68C45206-1C69-4CCD-A690-CC0FE7E55D55}"
EndProject
Project("{FAE04EC0-301F-11D3-BF4B-00C04F79EFBC}") = "MiscellaneousOperators", "MiscellaneousOperators\MiscellaneousOperators.csproj", "{72466C93-9749-4F34-81A1-AFA00C3F665F}"
EndProject
Project("{FAE04EC0-301F-11D3-BF4B-00C04F79EFBC}") = "OperatorPrecedenceinCSharp", "OperatorPrecedenceinCSharp\OperatorPrecedenceinCSharp.csproj", "{24B13692-B534-49EB-B320-5A3079B34E11}"
EndProject
Global
	GlobalSection(SolutionConfigurationPlatforms) = preSolution
		Debug|Any CPU = Debug|Any CPU
		Release|Any CPU = Release|Any CPU
	EndGlobalSection
	GlobalSection(ProjectConfigurationPlatforms) = postSolution
		{34D81FC9-E6F3-4279-AF26-14F77D1D18ED}.Debug|Any CPU.ActiveCfg = Debug|Any CPU
		{34D81FC9-E6F3-4279-AF26-14F77D1D18ED}.Debug|Any CPU.Build.0 = Debug|Any CPU
		{34D81FC9-E6F3-4279-AF26-14F77D1D18ED}.Release|Any CPU.ActiveCfg = Release|Any CPU
		{34D81FC9-E6F3-4279-AF26-14F77D1D18ED}.Release|Any CPU.Build.0 = Release|Any CPU
		{EDB5B35A-C6B0-446C-BC26-922CA6B63C8C}.Debug|Any CPU.ActiveCfg = Debug|Any CPU
		{EDB5B35A-C6B0-446C-BC26-922CA6B63C8C}.Debug|Any CPU.Build.0 = Debug|Any CPU
		{EDB5B35A-C6B0-446C-BC26-922CA6B63C8C}.Release|Any CPU.ActiveCfg = Release|Any CPU
		{EDB5B35A-C6B0-446C-BC26-922CA6B63C8C}.Release|Any CPU.Build.0 = Release|Any CPU
		{645931E3-E3AF-48A6-88C3-71B49B4E4111}.Debug|Any CPU.ActiveCfg = Debug|Any CPU
		{645931E3-E3AF-48A6-88C3-71B49B4E4111}.Debug|Any CPU.Build.0 = Debug|Any CPU
		{645931E3-E3AF-48A6-88C3-71B49B4E4111}.Release|Any CPU.ActiveCfg = Release|Any CPU
		{645931E3-E3AF-48A6-88C3-71B49B4E4111}.Release|Any CPU.Build.0 = Release|Any CPU
		{2C132CE0-EE7B-4BD4-A507-BEE8376013A9}.Debug|Any CPU.ActiveCfg = Debug|Any CPU
		{2C132CE0-EE7B-4BD4-A507-BEE8376013A9}.Debug|Any CPU.Build.0 = Debug|Any CPU
		{2C132CE0-EE7B-4BD4-A507-BEE8376013A9}.Release|Any CPU.ActiveCfg = Release|Any CPU
		{2C132CE0-EE7B-4BD4-A507-BEE8376013A9}.Release|Any CPU.Build.0 = Release|Any CPU
		{68C45206-1C69-4CCD-A690-CC0FE7E55D55}.Debug|Any CPU.ActiveCfg = Debug|Any CPU
		{68C45206-1C69-4CCD-A690-CC0FE7E55D55}.Debug|Any CPU.Build.0 = Debug|Any CPU
		{68C45206-1C69-4CCD-A690-CC0FE7E55D55}.Release|Any CPU.ActiveCfg = Release|Any CPU
		{68C45206-1C69-4CCD-A690-CC0FE7E55D55}.Release|Any CPU.Build.0 = Release|Any CPU
		{72466C93-9749-4F34-81A1-AFA00C3F665F}.Debug|Any CPU.ActiveCfg = Debug|Any CPU
		{72466C93-9749-4F34-81A1-AFA00C3F665F}.Debug|Any CPU.Build.0 = Debug|Any CPU
		{72466C93-9749-4F34-81A1-AFA00C3F665F}.Release|Any CPU.ActiveCfg = Release|Any CPU
		{72466C93-9749-4F34-81A1-AFA00C3F665F}.Release|Any CPU.Build.0 = Release|Any CPU
		{24B13692-B534-49EB-B320-5A3079B34E11}.Debug|Any CPU.ActiveCfg = Debug|Any CPU
		{24B13692-B534-49EB-B320-5A3079B34E11}.Debug|Any CPU.Build.0 = Debug|Any CPU
		{24B13692-B534-49EB-B320-5A3079B34E11}.Release|Any CPU.ActiveCfg = Release|Any CPU
		{24B13692-B534-49EB-B320-5A3079B34E11}.Release|Any CPU.Build.0 = Release|Any CPU
	EndGlobalSection
	GlobalSection(SolutionProperties) = preSolution
		HideSolutionNode = FALSE
	EndGlobalSection
EndGlobal
